// !$*UTF8*$!
{
	archiveVersion = 1;
	classes = {
	};
	objectVersion = 46;
	objects = {

/* Begin PBXBuildFile section */
		211BAA631E7A951800F67B40 /* EventEmitter+Once.swift in Sources */ = {isa = PBXBuildFile; fileRef = 211BAA621E7A951800F67B40 /* EventEmitter+Once.swift */; };
		211BAA641E7A951800F67B40 /* EventEmitter+Once.swift in Sources */ = {isa = PBXBuildFile; fileRef = 211BAA621E7A951800F67B40 /* EventEmitter+Once.swift */; };
		2124A2471E0ACEA4000953F1 /* Info-tvOS.plist in Resources */ = {isa = PBXBuildFile; fileRef = 2124A2461E0ACEA4000953F1 /* Info-tvOS.plist */; };
		21450D5E1D5B703400ED7567 /* EventEmitterTests.swift in Sources */ = {isa = PBXBuildFile; fileRef = 21450D5D1D5B703400ED7567 /* EventEmitterTests.swift */; };
		21450D601D5B703400ED7567 /* EventEmitter.framework in Frameworks */ = {isa = PBXBuildFile; fileRef = 21F197571D438E2400BEDAE3 /* EventEmitter.framework */; };
		21450D671D5B708000ED7567 /* EventEmitter.framework in Resources */ = {isa = PBXBuildFile; fileRef = 21F197571D438E2400BEDAE3 /* EventEmitter.framework */; };
		2158E43B1E093E4E002A957E /* EventEmitter.framework in Frameworks */ = {isa = PBXBuildFile; fileRef = 2158E4321E093E4D002A957E /* EventEmitter.framework */; };
		2158E4491E093EDE002A957E /* EventEmitter.swift in Sources */ = {isa = PBXBuildFile; fileRef = 21F197711D438ED600BEDAE3 /* EventEmitter.swift */; };
		2158E44A1E093EE1002A957E /* EventEmitter+DispatchQueue.swift in Sources */ = {isa = PBXBuildFile; fileRef = 21FC8D791DA5A9F700143129 /* EventEmitter+DispatchQueue.swift */; };
		2158E44B1E093EE3002A957E /* EventEmitter+DefaultImplementation.swift in Sources */ = {isa = PBXBuildFile; fileRef = 21FC8D7F1DA5B66200143129 /* EventEmitter+DefaultImplementation.swift */; };
		2158E44C1E093EE5002A957E /* EventEmitter+EventForward.swift in Sources */ = {isa = PBXBuildFile; fileRef = 21F34A771DC22A4200FBE73E /* EventEmitter+EventForward.swift */; };
		2158E44D1E093EE8002A957E /* EventEmitterTests.swift in Sources */ = {isa = PBXBuildFile; fileRef = 21450D5D1D5B703400ED7567 /* EventEmitterTests.swift */; };
		2158E44E1E093EEA002A957E /* EventEmitterQueueTests.swift in Sources */ = {isa = PBXBuildFile; fileRef = 21FC8D7D1DA5B0FA00143129 /* EventEmitterQueueTests.swift */; };
		2158E44F1E093EED002A957E /* EventEmitterForwardTests.swift in Sources */ = {isa = PBXBuildFile; fileRef = 21F34A791DC22CB200FBE73E /* EventEmitterForwardTests.swift */; };
		2158E4501E093F16002A957E /* EventEmitter.framework in Resources */ = {isa = PBXBuildFile; fileRef = 2158E4321E093E4D002A957E /* EventEmitter.framework */; };
		2161BE0E1E7AC29200D3D9FA /* EventEmitterOnceTests.swift in Sources */ = {isa = PBXBuildFile; fileRef = 2161BE0C1E7AC1D700D3D9FA /* EventEmitterOnceTests.swift */; };
		2161BE0F1E7AC29400D3D9FA /* EventEmitterOnceTests.swift in Sources */ = {isa = PBXBuildFile; fileRef = 2161BE0C1E7AC1D700D3D9FA /* EventEmitterOnceTests.swift */; };
		21F1975B1D438E2400BEDAE3 /* EventEmitter.h in Headers */ = {isa = PBXBuildFile; fileRef = 21F1975A1D438E2400BEDAE3 /* EventEmitter.h */; settings = {ATTRIBUTES = (Public, ); }; };
		21F197721D438ED600BEDAE3 /* EventEmitter.swift in Sources */ = {isa = PBXBuildFile; fileRef = 21F197711D438ED600BEDAE3 /* EventEmitter.swift */; };
		21F34A781DC22A4200FBE73E /* EventEmitter+EventForward.swift in Sources */ = {isa = PBXBuildFile; fileRef = 21F34A771DC22A4200FBE73E /* EventEmitter+EventForward.swift */; };
		21F34A7A1DC22CB200FBE73E /* EventEmitterForwardTests.swift in Sources */ = {isa = PBXBuildFile; fileRef = 21F34A791DC22CB200FBE73E /* EventEmitterForwardTests.swift */; };
		21FC8D7A1DA5A9F700143129 /* EventEmitter+DispatchQueue.swift in Sources */ = {isa = PBXBuildFile; fileRef = 21FC8D791DA5A9F700143129 /* EventEmitter+DispatchQueue.swift */; };
		21FC8D7E1DA5B0FA00143129 /* EventEmitterQueueTests.swift in Sources */ = {isa = PBXBuildFile; fileRef = 21FC8D7D1DA5B0FA00143129 /* EventEmitterQueueTests.swift */; };
		21FC8D801DA5B66200143129 /* EventEmitter+DefaultImplementation.swift in Sources */ = {isa = PBXBuildFile; fileRef = 21FC8D7F1DA5B66200143129 /* EventEmitter+DefaultImplementation.swift */; };
/* End PBXBuildFile section */

/* Begin PBXContainerItemProxy section */
		21450D611D5B703400ED7567 /* PBXContainerItemProxy */ = {
			isa = PBXContainerItemProxy;
			containerPortal = 21F1974E1D438E2400BEDAE3 /* Project object */;
			proxyType = 1;
			remoteGlobalIDString = 21F197561D438E2400BEDAE3;
			remoteInfo = EventEmitter;
		};
		2158E43C1E093E4E002A957E /* PBXContainerItemProxy */ = {
			isa = PBXContainerItemProxy;
			containerPortal = 21F1974E1D438E2400BEDAE3 /* Project object */;
			proxyType = 1;
			remoteGlobalIDString = 2158E4311E093E4D002A957E;
			remoteInfo = "EventEmitter tvOS";
		};
/* End PBXContainerItemProxy section */

/* Begin PBXFileReference section */
		2107EAB31F72861300A4A314 /* README.md */ = {isa = PBXFileReference; lastKnownFileType = net.daringfireball.markdown; path = README.md; sourceTree = "<group>"; };
		211BAA621E7A951800F67B40 /* EventEmitter+Once.swift */ = {isa = PBXFileReference; fileEncoding = 4; lastKnownFileType = sourcecode.swift; path = "EventEmitter+Once.swift"; sourceTree = "<group>"; };
		2124A2461E0ACEA4000953F1 /* Info-tvOS.plist */ = {isa = PBXFileReference; fileEncoding = 4; lastKnownFileType = text.plist.xml; name = "Info-tvOS.plist"; path = "EventEmitter/Info-tvOS.plist"; sourceTree = "<group>"; };
		21450D5B1D5B703400ED7567 /* EventEmitter iOSTests.xctest */ = {isa = PBXFileReference; explicitFileType = wrapper.cfbundle; includeInIndex = 0; path = "EventEmitter iOSTests.xctest"; sourceTree = BUILT_PRODUCTS_DIR; };
		21450D5D1D5B703400ED7567 /* EventEmitterTests.swift */ = {isa = PBXFileReference; lastKnownFileType = sourcecode.swift; path = EventEmitterTests.swift; sourceTree = "<group>"; };
		21450D5F1D5B703400ED7567 /* Info.plist */ = {isa = PBXFileReference; lastKnownFileType = text.plist.xml; path = Info.plist; sourceTree = "<group>"; };
		2158E4321E093E4D002A957E /* EventEmitter.framework */ = {isa = PBXFileReference; explicitFileType = wrapper.framework; includeInIndex = 0; path = EventEmitter.framework; sourceTree = BUILT_PRODUCTS_DIR; };
		2158E43A1E093E4E002A957E /* EventEmitter tvOSTests.xctest */ = {isa = PBXFileReference; explicitFileType = wrapper.cfbundle; includeInIndex = 0; path = "EventEmitter tvOSTests.xctest"; sourceTree = BUILT_PRODUCTS_DIR; };
		2161BE0C1E7AC1D700D3D9FA /* EventEmitterOnceTests.swift */ = {isa = PBXFileReference; fileEncoding = 4; lastKnownFileType = sourcecode.swift; path = EventEmitterOnceTests.swift; sourceTree = "<group>"; };
		21F197571D438E2400BEDAE3 /* EventEmitter.framework */ = {isa = PBXFileReference; explicitFileType = wrapper.framework; includeInIndex = 0; path = EventEmitter.framework; sourceTree = BUILT_PRODUCTS_DIR; };
		21F1975A1D438E2400BEDAE3 /* EventEmitter.h */ = {isa = PBXFileReference; lastKnownFileType = sourcecode.c.h; path = EventEmitter.h; sourceTree = "<group>"; };
		21F1975C1D438E2400BEDAE3 /* Info-iOS.plist */ = {isa = PBXFileReference; lastKnownFileType = text.plist.xml; name = "Info-iOS.plist"; path = "EventEmitter/Info-iOS.plist"; sourceTree = "<group>"; };
		21F197711D438ED600BEDAE3 /* EventEmitter.swift */ = {isa = PBXFileReference; fileEncoding = 4; lastKnownFileType = sourcecode.swift; path = EventEmitter.swift; sourceTree = "<group>"; };
		21F34A771DC22A4200FBE73E /* EventEmitter+EventForward.swift */ = {isa = PBXFileReference; fileEncoding = 4; lastKnownFileType = sourcecode.swift; path = "EventEmitter+EventForward.swift"; sourceTree = "<group>"; };
		21F34A791DC22CB200FBE73E /* EventEmitterForwardTests.swift */ = {isa = PBXFileReference; fileEncoding = 4; lastKnownFileType = sourcecode.swift; path = EventEmitterForwardTests.swift; sourceTree = "<group>"; };
		21FC8D791DA5A9F700143129 /* EventEmitter+DispatchQueue.swift */ = {isa = PBXFileReference; fileEncoding = 4; lastKnownFileType = sourcecode.swift; path = "EventEmitter+DispatchQueue.swift"; sourceTree = "<group>"; };
		21FC8D7D1DA5B0FA00143129 /* EventEmitterQueueTests.swift */ = {isa = PBXFileReference; fileEncoding = 4; lastKnownFileType = sourcecode.swift; path = EventEmitterQueueTests.swift; sourceTree = "<group>"; };
		21FC8D7F1DA5B66200143129 /* EventEmitter+DefaultImplementation.swift */ = {isa = PBXFileReference; fileEncoding = 4; lastKnownFileType = sourcecode.swift; path = "EventEmitter+DefaultImplementation.swift"; sourceTree = "<group>"; };
/* End PBXFileReference section */

/* Begin PBXFrameworksBuildPhase section */
		21450D581D5B703400ED7567 /* Frameworks */ = {
			isa = PBXFrameworksBuildPhase;
			buildActionMask = 2147483647;
			files = (
				21450D601D5B703400ED7567 /* EventEmitter.framework in Frameworks */,
			);
			runOnlyForDeploymentPostprocessing = 0;
		};
		2158E42E1E093E4D002A957E /* Frameworks */ = {
			isa = PBXFrameworksBuildPhase;
			buildActionMask = 2147483647;
			files = (
			);
			runOnlyForDeploymentPostprocessing = 0;
		};
		2158E4371E093E4E002A957E /* Frameworks */ = {
			isa = PBXFrameworksBuildPhase;
			buildActionMask = 2147483647;
			files = (
				2158E43B1E093E4E002A957E /* EventEmitter.framework in Frameworks */,
			);
			runOnlyForDeploymentPostprocessing = 0;
		};
		21F197531D438E2400BEDAE3 /* Frameworks */ = {
			isa = PBXFrameworksBuildPhase;
			buildActionMask = 2147483647;
			files = (
			);
			runOnlyForDeploymentPostprocessing = 0;
		};
/* End PBXFrameworksBuildPhase section */

/* Begin PBXGroup section */
		21450D5C1D5B703400ED7567 /* EventEmitterTests */ = {
			isa = PBXGroup;
			children = (
				21450D5F1D5B703400ED7567 /* Info.plist */,
				21450D5D1D5B703400ED7567 /* EventEmitterTests.swift */,
				21FC8D7D1DA5B0FA00143129 /* EventEmitterQueueTests.swift */,
				21F34A791DC22CB200FBE73E /* EventEmitterForwardTests.swift */,
				2161BE0C1E7AC1D700D3D9FA /* EventEmitterOnceTests.swift */,
			);
			path = EventEmitterTests;
			sourceTree = "<group>";
		};
		2158E42C1E093E1B002A957E /* Support Files */ = {
			isa = PBXGroup;
			children = (
				21F1975C1D438E2400BEDAE3 /* Info-iOS.plist */,
				2124A2461E0ACEA4000953F1 /* Info-tvOS.plist */,
			);
			name = "Support Files";
			sourceTree = "<group>";
		};
		21F1974D1D438E2400BEDAE3 = {
			isa = PBXGroup;
			children = (
				2107EAB31F72861300A4A314 /* README.md */,
				2158E42C1E093E1B002A957E /* Support Files */,
				21F197591D438E2400BEDAE3 /* EventEmitter */,
				21450D5C1D5B703400ED7567 /* EventEmitterTests */,
				21F197581D438E2400BEDAE3 /* Products */,
			);
			sourceTree = "<group>";
		};
		21F197581D438E2400BEDAE3 /* Products */ = {
			isa = PBXGroup;
			children = (
				21F197571D438E2400BEDAE3 /* EventEmitter.framework */,
				21450D5B1D5B703400ED7567 /* EventEmitter iOSTests.xctest */,
				2158E4321E093E4D002A957E /* EventEmitter.framework */,
				2158E43A1E093E4E002A957E /* EventEmitter tvOSTests.xctest */,
			);
			name = Products;
			sourceTree = "<group>";
		};
		21F197591D438E2400BEDAE3 /* EventEmitter */ = {
			isa = PBXGroup;
			children = (
				21F1975A1D438E2400BEDAE3 /* EventEmitter.h */,
				21F197711D438ED600BEDAE3 /* EventEmitter.swift */,
				21FC8D7F1DA5B66200143129 /* EventEmitter+DefaultImplementation.swift */,
				21FC8D791DA5A9F700143129 /* EventEmitter+DispatchQueue.swift */,
				21F34A771DC22A4200FBE73E /* EventEmitter+EventForward.swift */,
				211BAA621E7A951800F67B40 /* EventEmitter+Once.swift */,
			);
			path = EventEmitter;
			sourceTree = "<group>";
		};
/* End PBXGroup section */

/* Begin PBXHeadersBuildPhase section */
		2158E42F1E093E4D002A957E /* Headers */ = {
			isa = PBXHeadersBuildPhase;
			buildActionMask = 2147483647;
			files = (
			);
			runOnlyForDeploymentPostprocessing = 0;
		};
		21F197541D438E2400BEDAE3 /* Headers */ = {
			isa = PBXHeadersBuildPhase;
			buildActionMask = 2147483647;
			files = (
				21F1975B1D438E2400BEDAE3 /* EventEmitter.h in Headers */,
			);
			runOnlyForDeploymentPostprocessing = 0;
		};
/* End PBXHeadersBuildPhase section */

/* Begin PBXNativeTarget section */
		21450D5A1D5B703400ED7567 /* EventEmitter iOSTests */ = {
			isa = PBXNativeTarget;
			buildConfigurationList = 21450D631D5B703400ED7567 /* Build configuration list for PBXNativeTarget "EventEmitter iOSTests" */;
			buildPhases = (
				21450D571D5B703400ED7567 /* Sources */,
				21450D581D5B703400ED7567 /* Frameworks */,
				21450D591D5B703400ED7567 /* Resources */,
			);
			buildRules = (
			);
			dependencies = (
				21450D621D5B703400ED7567 /* PBXTargetDependency */,
			);
			name = "EventEmitter iOSTests";
			productName = EventEmitterTests;
			productReference = 21450D5B1D5B703400ED7567 /* EventEmitter iOSTests.xctest */;
			productType = "com.apple.product-type.bundle.unit-test";
		};
		2158E4311E093E4D002A957E /* EventEmitter tvOS */ = {
			isa = PBXNativeTarget;
			buildConfigurationList = 2158E4431E093E4E002A957E /* Build configuration list for PBXNativeTarget "EventEmitter tvOS" */;
			buildPhases = (
				2158E42D1E093E4D002A957E /* Sources */,
				2158E42E1E093E4D002A957E /* Frameworks */,
				2158E42F1E093E4D002A957E /* Headers */,
				2158E4301E093E4D002A957E /* Resources */,
			);
			buildRules = (
			);
			dependencies = (
			);
			name = "EventEmitter tvOS";
			productName = "EventEmitter tvOS";
			productReference = 2158E4321E093E4D002A957E /* EventEmitter.framework */;
			productType = "com.apple.product-type.framework";
		};
		2158E4391E093E4E002A957E /* EventEmitter tvOSTests */ = {
			isa = PBXNativeTarget;
			buildConfigurationList = 2158E4461E093E4E002A957E /* Build configuration list for PBXNativeTarget "EventEmitter tvOSTests" */;
			buildPhases = (
				2158E4361E093E4E002A957E /* Sources */,
				2158E4371E093E4E002A957E /* Frameworks */,
				2158E4381E093E4E002A957E /* Resources */,
			);
			buildRules = (
			);
			dependencies = (
				2158E43D1E093E4E002A957E /* PBXTargetDependency */,
			);
			name = "EventEmitter tvOSTests";
			productName = "EventEmitter tvOSTests";
			productReference = 2158E43A1E093E4E002A957E /* EventEmitter tvOSTests.xctest */;
			productType = "com.apple.product-type.bundle.unit-test";
		};
		21F197561D438E2400BEDAE3 /* EventEmitter iOS */ = {
			isa = PBXNativeTarget;
			buildConfigurationList = 21F1976B1D438E2400BEDAE3 /* Build configuration list for PBXNativeTarget "EventEmitter iOS" */;
			buildPhases = (
				21F197521D438E2400BEDAE3 /* Sources */,
				21F197531D438E2400BEDAE3 /* Frameworks */,
				21F197541D438E2400BEDAE3 /* Headers */,
				21F197551D438E2400BEDAE3 /* Resources */,
			);
			buildRules = (
			);
			dependencies = (
			);
			name = "EventEmitter iOS";
			productName = EventEmitter;
			productReference = 21F197571D438E2400BEDAE3 /* EventEmitter.framework */;
			productType = "com.apple.product-type.framework";
		};
/* End PBXNativeTarget section */

/* Begin PBXProject section */
		21F1974E1D438E2400BEDAE3 /* Project object */ = {
			isa = PBXProject;
			attributes = {
				LastSwiftUpdateCheck = 0820;
				LastUpgradeCheck = 0940;
				ORGANIZATIONNAME = gujci;
				TargetAttributes = {
					21450D5A1D5B703400ED7567 = {
						CreatedOnToolsVersion = 7.3.1;
						LastSwiftMigration = 0800;
						ProvisioningStyle = Manual;
					};
					2158E4311E093E4D002A957E = {
						CreatedOnToolsVersion = 8.2;
						DevelopmentTeam = TE3XP65K6X;
						ProvisioningStyle = Automatic;
					};
					2158E4391E093E4E002A957E = {
						CreatedOnToolsVersion = 8.2;
						DevelopmentTeam = TE3XP65K6X;
						ProvisioningStyle = Automatic;
					};
					21F197561D438E2400BEDAE3 = {
						CreatedOnToolsVersion = 7.3.1;
						LastSwiftMigration = 0800;
					};
				};
			};
			buildConfigurationList = 21F197511D438E2400BEDAE3 /* Build configuration list for PBXProject "EventEmitter" */;
			compatibilityVersion = "Xcode 3.2";
			developmentRegion = English;
			hasScannedForEncodings = 0;
			knownRegions = (
				en,
			);
			mainGroup = 21F1974D1D438E2400BEDAE3;
			productRefGroup = 21F197581D438E2400BEDAE3 /* Products */;
			projectDirPath = "";
			projectRoot = "";
			targets = (
				21F197561D438E2400BEDAE3 /* EventEmitter iOS */,
				21450D5A1D5B703400ED7567 /* EventEmitter iOSTests */,
				2158E4311E093E4D002A957E /* EventEmitter tvOS */,
				2158E4391E093E4E002A957E /* EventEmitter tvOSTests */,
			);
		};
/* End PBXProject section */

/* Begin PBXResourcesBuildPhase section */
		21450D591D5B703400ED7567 /* Resources */ = {
			isa = PBXResourcesBuildPhase;
			buildActionMask = 2147483647;
			files = (
				21450D671D5B708000ED7567 /* EventEmitter.framework in Resources */,
			);
			runOnlyForDeploymentPostprocessing = 0;
		};
		2158E4301E093E4D002A957E /* Resources */ = {
			isa = PBXResourcesBuildPhase;
			buildActionMask = 2147483647;
			files = (
			);
			runOnlyForDeploymentPostprocessing = 0;
		};
		2158E4381E093E4E002A957E /* Resources */ = {
			isa = PBXResourcesBuildPhase;
			buildActionMask = 2147483647;
			files = (
				2158E4501E093F16002A957E /* EventEmitter.framework in Resources */,
			);
			runOnlyForDeploymentPostprocessing = 0;
		};
		21F197551D438E2400BEDAE3 /* Resources */ = {
			isa = PBXResourcesBuildPhase;
			buildActionMask = 2147483647;
			files = (
				2124A2471E0ACEA4000953F1 /* Info-tvOS.plist in Resources */,
			);
			runOnlyForDeploymentPostprocessing = 0;
		};
/* End PBXResourcesBuildPhase section */

/* Begin PBXSourcesBuildPhase section */
		21450D571D5B703400ED7567 /* Sources */ = {
			isa = PBXSourcesBuildPhase;
			buildActionMask = 2147483647;
			files = (
				21450D5E1D5B703400ED7567 /* EventEmitterTests.swift in Sources */,
				21F34A7A1DC22CB200FBE73E /* EventEmitterForwardTests.swift in Sources */,
				2161BE0E1E7AC29200D3D9FA /* EventEmitterOnceTests.swift in Sources */,
				21FC8D7E1DA5B0FA00143129 /* EventEmitterQueueTests.swift in Sources */,
			);
			runOnlyForDeploymentPostprocessing = 0;
		};
		2158E42D1E093E4D002A957E /* Sources */ = {
			isa = PBXSourcesBuildPhase;
			buildActionMask = 2147483647;
			files = (
				2158E44C1E093EE5002A957E /* EventEmitter+EventForward.swift in Sources */,
				2158E44A1E093EE1002A957E /* EventEmitter+DispatchQueue.swift in Sources */,
				211BAA641E7A951800F67B40 /* EventEmitter+Once.swift in Sources */,
				2158E4491E093EDE002A957E /* EventEmitter.swift in Sources */,
				2158E44B1E093EE3002A957E /* EventEmitter+DefaultImplementation.swift in Sources */,
			);
			runOnlyForDeploymentPostprocessing = 0;
		};
		2158E4361E093E4E002A957E /* Sources */ = {
			isa = PBXSourcesBuildPhase;
			buildActionMask = 2147483647;
			files = (
				2158E44D1E093EE8002A957E /* EventEmitterTests.swift in Sources */,
				2158E44F1E093EED002A957E /* EventEmitterForwardTests.swift in Sources */,
				2161BE0F1E7AC29400D3D9FA /* EventEmitterOnceTests.swift in Sources */,
				2158E44E1E093EEA002A957E /* EventEmitterQueueTests.swift in Sources */,
			);
			runOnlyForDeploymentPostprocessing = 0;
		};
		21F197521D438E2400BEDAE3 /* Sources */ = {
			isa = PBXSourcesBuildPhase;
			buildActionMask = 2147483647;
			files = (
				21F34A781DC22A4200FBE73E /* EventEmitter+EventForward.swift in Sources */,
				21FC8D7A1DA5A9F700143129 /* EventEmitter+DispatchQueue.swift in Sources */,
				211BAA631E7A951800F67B40 /* EventEmitter+Once.swift in Sources */,
				21F197721D438ED600BEDAE3 /* EventEmitter.swift in Sources */,
				21FC8D801DA5B66200143129 /* EventEmitter+DefaultImplementation.swift in Sources */,
			);
			runOnlyForDeploymentPostprocessing = 0;
		};
/* End PBXSourcesBuildPhase section */

/* Begin PBXTargetDependency section */
		21450D621D5B703400ED7567 /* PBXTargetDependency */ = {
			isa = PBXTargetDependency;
			target = 21F197561D438E2400BEDAE3 /* EventEmitter iOS */;
			targetProxy = 21450D611D5B703400ED7567 /* PBXContainerItemProxy */;
		};
		2158E43D1E093E4E002A957E /* PBXTargetDependency */ = {
			isa = PBXTargetDependency;
			target = 2158E4311E093E4D002A957E /* EventEmitter tvOS */;
			targetProxy = 2158E43C1E093E4E002A957E /* PBXContainerItemProxy */;
		};
/* End PBXTargetDependency section */

/* Begin XCBuildConfiguration section */
		21450D641D5B703400ED7567 /* Debug */ = {
			isa = XCBuildConfiguration;
			buildSettings = {
				DEVELOPMENT_TEAM = "";
				INFOPLIST_FILE = EventEmitterTests/Info.plist;
				LD_RUNPATH_SEARCH_PATHS = "$(inherited) @executable_path/Frameworks @loader_path/Frameworks";
				PRODUCT_BUNDLE_IDENTIFIER = com.gujci.EventEmitterTests;
				PRODUCT_NAME = "$(TARGET_NAME)";
				SWIFT_VERSION = 3.0;
			};
			name = Debug;
		};
		21450D651D5B703400ED7567 /* Release */ = {
			isa = XCBuildConfiguration;
			buildSettings = {
				DEVELOPMENT_TEAM = "";
				INFOPLIST_FILE = EventEmitterTests/Info.plist;
				LD_RUNPATH_SEARCH_PATHS = "$(inherited) @executable_path/Frameworks @loader_path/Frameworks";
				PRODUCT_BUNDLE_IDENTIFIER = com.gujci.EventEmitterTests;
				PRODUCT_NAME = "$(TARGET_NAME)";
				SWIFT_VERSION = 3.0;
			};
			name = Release;
		};
		2158E4441E093E4E002A957E /* Debug */ = {
			isa = XCBuildConfiguration;
			buildSettings = {
				CLANG_WARN_DOCUMENTATION_COMMENTS = YES;
				CODE_SIGN_IDENTITY = "";
				DEFINES_MODULE = YES;
				DEVELOPMENT_TEAM = TE3XP65K6X;
				DYLIB_COMPATIBILITY_VERSION = 1;
				DYLIB_CURRENT_VERSION = 1;
				DYLIB_INSTALL_NAME_BASE = "@rpath";
				INFOPLIST_FILE = "$(SRCROOT)/EventEmitter/Info-tvOS.plist";
				INSTALL_PATH = "$(LOCAL_LIBRARY_DIR)/Frameworks";
				LD_RUNPATH_SEARCH_PATHS = "$(inherited) @executable_path/Frameworks @loader_path/Frameworks";
				PRODUCT_BUNDLE_IDENTIFIER = "com.gujci.EventEmitter-tvOS";
				PRODUCT_NAME = EventEmitter;
				SDKROOT = appletvos;
				SKIP_INSTALL = YES;
				SWIFT_ACTIVE_COMPILATION_CONDITIONS = DEBUG;
				SWIFT_VERSION = 3.0;
				TARGETED_DEVICE_FAMILY = 3;
				TVOS_DEPLOYMENT_TARGET = 10.1;
			};
			name = Debug;
		};
		2158E4451E093E4E002A957E /* Release */ = {
			isa = XCBuildConfiguration;
			buildSettings = {
				CLANG_WARN_DOCUMENTATION_COMMENTS = YES;
				CODE_SIGN_IDENTITY = "";
				DEFINES_MODULE = YES;
				DEVELOPMENT_TEAM = TE3XP65K6X;
				DYLIB_COMPATIBILITY_VERSION = 1;
				DYLIB_CURRENT_VERSION = 1;
				DYLIB_INSTALL_NAME_BASE = "@rpath";
				INFOPLIST_FILE = "$(SRCROOT)/EventEmitter/Info-tvOS.plist";
				INSTALL_PATH = "$(LOCAL_LIBRARY_DIR)/Frameworks";
				LD_RUNPATH_SEARCH_PATHS = "$(inherited) @executable_path/Frameworks @loader_path/Frameworks";
				PRODUCT_BUNDLE_IDENTIFIER = "com.gujci.EventEmitter-tvOS";
				PRODUCT_NAME = EventEmitter;
				SDKROOT = appletvos;
				SKIP_INSTALL = YES;
				SWIFT_VERSION = 3.0;
				TARGETED_DEVICE_FAMILY = 3;
				TVOS_DEPLOYMENT_TARGET = 10.1;
			};
			name = Release;
		};
		2158E4471E093E4E002A957E /* Debug */ = {
			isa = XCBuildConfiguration;
			buildSettings = {
				ALWAYS_EMBED_SWIFT_STANDARD_LIBRARIES = YES;
				CLANG_WARN_DOCUMENTATION_COMMENTS = YES;
				DEVELOPMENT_TEAM = TE3XP65K6X;
				INFOPLIST_FILE = EventEmitterTests/Info.plist;
				LD_RUNPATH_SEARCH_PATHS = "$(inherited) @executable_path/Frameworks @loader_path/Frameworks";
				PRODUCT_BUNDLE_IDENTIFIER = "com.gujci.EventEmitter-tvOSTests";
				PRODUCT_NAME = "$(TARGET_NAME)";
				SDKROOT = appletvos;
				SWIFT_ACTIVE_COMPILATION_CONDITIONS = DEBUG;
				SWIFT_VERSION = 3.0;
				TVOS_DEPLOYMENT_TARGET = 10.1;
			};
			name = Debug;
		};
		2158E4481E093E4E002A957E /* Release */ = {
			isa = XCBuildConfiguration;
			buildSettings = {
				ALWAYS_EMBED_SWIFT_STANDARD_LIBRARIES = YES;
				CLANG_WARN_DOCUMENTATION_COMMENTS = YES;
				DEVELOPMENT_TEAM = TE3XP65K6X;
				INFOPLIST_FILE = EventEmitterTests/Info.plist;
				LD_RUNPATH_SEARCH_PATHS = "$(inherited) @executable_path/Frameworks @loader_path/Frameworks";
				PRODUCT_BUNDLE_IDENTIFIER = "com.gujci.EventEmitter-tvOSTests";
				PRODUCT_NAME = "$(TARGET_NAME)";
				SDKROOT = appletvos;
				SWIFT_VERSION = 3.0;
				TVOS_DEPLOYMENT_TARGET = 10.1;
			};
			name = Release;
		};
		21F197691D438E2400BEDAE3 /* Debug */ = {
			isa = XCBuildConfiguration;
			buildSettings = {
				ALWAYS_SEARCH_USER_PATHS = NO;
				CLANG_ANALYZER_NONNULL = YES;
				CLANG_CXX_LANGUAGE_STANDARD = "gnu++0x";
				CLANG_CXX_LIBRARY = "libc++";
				CLANG_ENABLE_MODULES = YES;
				CLANG_ENABLE_OBJC_ARC = YES;
				CLANG_WARN_BLOCK_CAPTURE_AUTORELEASING = YES;
				CLANG_WARN_BOOL_CONVERSION = YES;
				CLANG_WARN_COMMA = YES;
				CLANG_WARN_CONSTANT_CONVERSION = YES;
				CLANG_WARN_DEPRECATED_OBJC_IMPLEMENTATIONS = YES;
				CLANG_WARN_DIRECT_OBJC_ISA_USAGE = YES_ERROR;
				CLANG_WARN_EMPTY_BODY = YES;
				CLANG_WARN_ENUM_CONVERSION = YES;
				CLANG_WARN_INFINITE_RECURSION = YES;
				CLANG_WARN_INT_CONVERSION = YES;
				CLANG_WARN_NON_LITERAL_NULL_CONVERSION = YES;
				CLANG_WARN_OBJC_IMPLICIT_RETAIN_SELF = YES;
				CLANG_WARN_OBJC_LITERAL_CONVERSION = YES;
				CLANG_WARN_OBJC_ROOT_CLASS = YES_ERROR;
				CLANG_WARN_RANGE_LOOP_ANALYSIS = YES;
				CLANG_WARN_STRICT_PROTOTYPES = YES;
				CLANG_WARN_SUSPICIOUS_MOVE = YES;
				CLANG_WARN_UNREACHABLE_CODE = YES;
				CLANG_WARN__DUPLICATE_METHOD_MATCH = YES;
				"CODE_SIGN_IDENTITY[sdk=iphoneos*]" = "iPhone Developer";
				COPY_PHASE_STRIP = NO;
				CURRENT_PROJECT_VERSION = 1;
				DEBUG_INFORMATION_FORMAT = dwarf;
				ENABLE_STRICT_OBJC_MSGSEND = YES;
				ENABLE_TESTABILITY = YES;
				GCC_C_LANGUAGE_STANDARD = gnu99;
				GCC_DYNAMIC_NO_PIC = NO;
				GCC_NO_COMMON_BLOCKS = YES;
				GCC_OPTIMIZATION_LEVEL = 0;
				GCC_PREPROCESSOR_DEFINITIONS = (
					"DEBUG=1",
					"$(inherited)",
				);
				GCC_WARN_64_TO_32_BIT_CONVERSION = YES;
				GCC_WARN_ABOUT_RETURN_TYPE = YES_ERROR;
				GCC_WARN_UNDECLARED_SELECTOR = YES;
				GCC_WARN_UNINITIALIZED_AUTOS = YES_AGGRESSIVE;
				GCC_WARN_UNUSED_FUNCTION = YES;
				GCC_WARN_UNUSED_VARIABLE = YES;
				IPHONEOS_DEPLOYMENT_TARGET = 9.3;
				MTL_ENABLE_DEBUG_INFO = YES;
				ONLY_ACTIVE_ARCH = YES;
				SDKROOT = iphoneos;
				SWIFT_OPTIMIZATION_LEVEL = "-Onone";
				TARGETED_DEVICE_FAMILY = "1,2";
				VERSIONING_SYSTEM = "apple-generic";
				VERSION_INFO_PREFIX = "";
			};
			name = Debug;
		};
		21F1976A1D438E2400BEDAE3 /* Release */ = {
			isa = XCBuildConfiguration;
			buildSettings = {
				ALWAYS_SEARCH_USER_PATHS = NO;
				CLANG_ANALYZER_NONNULL = YES;
				CLANG_CXX_LANGUAGE_STANDARD = "gnu++0x";
				CLANG_CXX_LIBRARY = "libc++";
				CLANG_ENABLE_MODULES = YES;
				CLANG_ENABLE_OBJC_ARC = YES;
				CLANG_WARN_BLOCK_CAPTURE_AUTORELEASING = YES;
				CLANG_WARN_BOOL_CONVERSION = YES;
				CLANG_WARN_COMMA = YES;
				CLANG_WARN_CONSTANT_CONVERSION = YES;
				CLANG_WARN_DEPRECATED_OBJC_IMPLEMENTATIONS = YES;
				CLANG_WARN_DIRECT_OBJC_ISA_USAGE = YES_ERROR;
				CLANG_WARN_EMPTY_BODY = YES;
				CLANG_WARN_ENUM_CONVERSION = YES;
				CLANG_WARN_INFINITE_RECURSION = YES;
				CLANG_WARN_INT_CONVERSION = YES;
				CLANG_WARN_NON_LITERAL_NULL_CONVERSION = YES;
				CLANG_WARN_OBJC_IMPLICIT_RETAIN_SELF = YES;
				CLANG_WARN_OBJC_LITERAL_CONVERSION = YES;
				CLANG_WARN_OBJC_ROOT_CLASS = YES_ERROR;
				CLANG_WARN_RANGE_LOOP_ANALYSIS = YES;
				CLANG_WARN_STRICT_PROTOTYPES = YES;
				CLANG_WARN_SUSPICIOUS_MOVE = YES;
				CLANG_WARN_UNREACHABLE_CODE = YES;
				CLANG_WARN__DUPLICATE_METHOD_MATCH = YES;
				"CODE_SIGN_IDENTITY[sdk=iphoneos*]" = "iPhone Developer";
				COPY_PHASE_STRIP = NO;
				CURRENT_PROJECT_VERSION = 1;
				DEBUG_INFORMATION_FORMAT = "dwarf-with-dsym";
				ENABLE_NS_ASSERTIONS = NO;
				ENABLE_STRICT_OBJC_MSGSEND = YES;
				GCC_C_LANGUAGE_STANDARD = gnu99;
				GCC_NO_COMMON_BLOCKS = YES;
				GCC_WARN_64_TO_32_BIT_CONVERSION = YES;
				GCC_WARN_ABOUT_RETURN_TYPE = YES_ERROR;
				GCC_WARN_UNDECLARED_SELECTOR = YES;
				GCC_WARN_UNINITIALIZED_AUTOS = YES_AGGRESSIVE;
				GCC_WARN_UNUSED_FUNCTION = YES;
				GCC_WARN_UNUSED_VARIABLE = YES;
				IPHONEOS_DEPLOYMENT_TARGET = 9.3;
				MTL_ENABLE_DEBUG_INFO = NO;
				SDKROOT = iphoneos;
				SWIFT_OPTIMIZATION_LEVEL = "-Owholemodule";
				TARGETED_DEVICE_FAMILY = "1,2";
				VALIDATE_PRODUCT = YES;
				VERSIONING_SYSTEM = "apple-generic";
				VERSION_INFO_PREFIX = "";
			};
			name = Release;
		};
		21F1976C1D438E2400BEDAE3 /* Debug */ = {
			isa = XCBuildConfiguration;
			buildSettings = {
				APPLICATION_EXTENSION_API_ONLY = NO;
				CLANG_ENABLE_MODULES = YES;
				"CODE_SIGN_IDENTITY[sdk=iphoneos*]" = "";
				DEFINES_MODULE = YES;
				DYLIB_COMPATIBILITY_VERSION = 1;
				DYLIB_CURRENT_VERSION = 1;
				DYLIB_INSTALL_NAME_BASE = "@rpath";
				INFOPLIST_FILE = "$(SRCROOT)/EventEmitter/Info-iOS.plist";
				INSTALL_PATH = "$(LOCAL_LIBRARY_DIR)/Frameworks";
				IPHONEOS_DEPLOYMENT_TARGET = 8.0;
				LD_RUNPATH_SEARCH_PATHS = "$(inherited) @executable_path/Frameworks @loader_path/Frameworks";
				PRODUCT_BUNDLE_IDENTIFIER = com.gujci.EventEmitter;
				PRODUCT_NAME = EventEmitter;
				SKIP_INSTALL = YES;
				SWIFT_OPTIMIZATION_LEVEL = "-Onone";
				SWIFT_VERSION = 4.0;
				TARGETED_DEVICE_FAMILY = "1,2";
			};
			name = Debug;
		};
		21F1976D1D438E2400BEDAE3 /* Release */ = {
			isa = XCBuildConfiguration;
			buildSettings = {
				APPLICATION_EXTENSION_API_ONLY = NO;
				CLANG_ENABLE_MODULES = YES;
				"CODE_SIGN_IDENTITY[sdk=iphoneos*]" = "";
				DEFINES_MODULE = YES;
				DYLIB_COMPATIBILITY_VERSION = 1;
				DYLIB_CURRENT_VERSION = 1;
				DYLIB_INSTALL_NAME_BASE = "@rpath";
				INFOPLIST_FILE = "$(SRCROOT)/EventEmitter/Info-iOS.plist";
				INSTALL_PATH = "$(LOCAL_LIBRARY_DIR)/Frameworks";
				IPHONEOS_DEPLOYMENT_TARGET = 8.0;
				LD_RUNPATH_SEARCH_PATHS = "$(inherited) @executable_path/Frameworks @loader_path/Frameworks";
				PRODUCT_BUNDLE_IDENTIFIER = com.gujci.EventEmitter;
				PRODUCT_NAME = EventEmitter;
				SKIP_INSTALL = YES;
				SWIFT_VERSION = 4.0;
				TARGETED_DEVICE_FAMILY = "1,2";
			};
			name = Release;
		};
/* End XCBuildConfiguration section */

/* Begin XCConfigurationList section */
		21450D631D5B703400ED7567 /* Build configuration list for PBXNativeTarget "EventEmitter iOSTests" */ = {
			isa = XCConfigurationList;
			buildConfigurations = (
				21450D641D5B703400ED7567 /* Debug */,
				21450D651D5B703400ED7567 /* Release */,
			);
			defaultConfigurationIsVisible = 0;
			defaultConfigurationName = Release;
		};
		2158E4431E093E4E002A957E /* Build configuration list for PBXNativeTarget "EventEmitter tvOS" */ = {
			isa = XCConfigurationList;
			buildConfigurations = (
				2158E4441E093E4E002A957E /* Debug */,
				2158E4451E093E4E002A957E /* Release */,
			);
			defaultConfigurationIsVisible = 0;
			defaultConfigurationName = Release;
		};
		2158E4461E093E4E002A957E /* Build configuration list for PBXNativeTarget "EventEmitter tvOSTests" */ = {
			isa = XCConfigurationList;
			buildConfigurations = (
				2158E4471E093E4E002A957E /* Debug */,
				2158E4481E093E4E002A957E /* Release */,
			);
			defaultConfigurationIsVisible = 0;
			defaultConfigurationName = Release;
		};
		21F197511D438E2400BEDAE3 /* Build configuration list for PBXProject "EventEmitter" */ = {
			isa = XCConfigurationList;
			buildConfigurations = (
				21F197691D438E2400BEDAE3 /* Debug */,
				21F1976A1D438E2400BEDAE3 /* Release */,
			);
			defaultConfigurationIsVisible = 0;
			defaultConfigurationName = Release;
		};
		21F1976B1D438E2400BEDAE3 /* Build configuration list for PBXNativeTarget "EventEmitter iOS" */ = {
			isa = XCConfigurationList;
			buildConfigurations = (
				21F1976C1D438E2400BEDAE3 /* Debug */,
				21F1976D1D438E2400BEDAE3 /* Release */,
			);
			defaultConfigurationIsVisible = 0;
			defaultConfigurationName = Release;
		};
/* End XCConfigurationList section */
	};
	rootObject = 21F1974E1D438E2400BEDAE3 /* Project object */;
}
